
Microsoft Visual Studio Solution File, Format Version 12.00
# Visual Studio Version 16
VisualStudioVersion = 16.0.30621.155
MinimumVisualStudioVersion = 10.0.40219.1
Project("{9A19103F-16F7-4668-BE54-9A1E7A4F7556}") = "Foundant.ImageStore.Web", "Foundant.ImageStore.Web\Foundant.ImageStore.Web.csproj", "{506BA12E-54B2-4C45-998F-CB7F6B7449DD}"
EndProject
Global
	GlobalSection(SolutionConfigurationPlatforms) = preSolution
		Debug|Any CPU = Debug|Any CPU
		Release|Any CPU = Release|Any CPU
	EndGlobalSection
	GlobalSection(ProjectConfigurationPlatforms) = postSolution
		{506BA12E-54B2-4C45-998F-CB7F6B7449DD}.Debug|Any CPU.ActiveCfg = Debug|Any CPU
		{506BA12E-54B2-4C45-998F-CB7F6B7449DD}.Debug|Any CPU.Build.0 = Debug|Any CPU
		{506BA12E-54B2-4C45-998F-CB7F6B7449DD}.Release|Any CPU.ActiveCfg = Release|Any CPU
		{506BA12E-54B2-4C45-998F-CB7F6B7449DD}.Release|Any CPU.Build.0 = Release|Any CPU
	EndGlobalSection
	GlobalSection(SolutionProperties) = preSolution
		HideSolutionNode = FALSE
	EndGlobalSection
	GlobalSection(ExtensibilityGlobals) = postSolution
		SolutionGuid = {40F634E6-450F-4C04-9DFE-6E0655AF17F0}
	EndGlobalSection
EndGlobal
